// !$*UTF8*$!
{
	archiveVersion = 1;
	classes = {
	};
	objectVersion = 48;
	objects = {

/* Begin PBXBuildFile section */
		9A0D2B5724C4A768002A22DB /* FirstViewController.swift in Sources */ = {isa = PBXBuildFile; fileRef = 9A0D2B5624C4A768002A22DB /* FirstViewController.swift */; };
		9A0D2B5924C4A791002A22DB /* SecondViewController.swift in Sources */ = {isa = PBXBuildFile; fileRef = 9A0D2B5824C4A791002A22DB /* SecondViewController.swift */; };
		9A0D2B5B24C4A86A002A22DB /* ThirdViewController.swift in Sources */ = {isa = PBXBuildFile; fileRef = 9A0D2B5A24C4A86A002A22DB /* ThirdViewController.swift */; };
		9AB307BE24F26891008B0135 /* Feature1.swift in Sources */ = {isa = PBXBuildFile; fileRef = 9AB307BD24F26891008B0135 /* Feature1.swift */; };
		9AB307C024F26CBF008B0135 /* Subfeature1.swift in Sources */ = {isa = PBXBuildFile; fileRef = 9AB307BF24F26CBF008B0135 /* Subfeature1.swift */; };
		9AB307C224F272FC008B0135 /* feature2.swift in Sources */ = {isa = PBXBuildFile; fileRef = 9AB307C124F272FC008B0135 /* feature2.swift */; };
		9AB307C424F27E54008B0135 /* Empty.xib in Resources */ = {isa = PBXBuildFile; fileRef = 9AB307C324F27E54008B0135 /* Empty.xib */; };
		9AB307D124F282DA008B0135 /* LysnHeightProportionateUIButton.swift in Sources */ = {isa = PBXBuildFile; fileRef = 9AB307C724F282D9008B0135 /* LysnHeightProportionateUIButton.swift */; };
		9AB307D224F282DA008B0135 /* LysnWidthProportionateUIButton.swift in Sources */ = {isa = PBXBuildFile; fileRef = 9AB307C824F282D9008B0135 /* LysnWidthProportionateUIButton.swift */; };
		9AB307D324F282DA008B0135 /* LysnHeightAdaptiveUILabel.swift in Sources */ = {isa = PBXBuildFile; fileRef = 9AB307CA24F282D9008B0135 /* LysnHeightAdaptiveUILabel.swift */; };
		9AB307D424F282DA008B0135 /* LysnHeightProportionateUILabel.swift in Sources */ = {isa = PBXBuildFile; fileRef = 9AB307CB24F282D9008B0135 /* LysnHeightProportionateUILabel.swift */; };
		9AB307D524F282DA008B0135 /* LysnWidthProportionateUILabel.swift in Sources */ = {isa = PBXBuildFile; fileRef = 9AB307CC24F282D9008B0135 /* LysnWidthProportionateUILabel.swift */; };
		9AB307D624F282DA008B0135 /* LysnHeightProportionateUITextField.swift in Sources */ = {isa = PBXBuildFile; fileRef = 9AB307CE24F282D9008B0135 /* LysnHeightProportionateUITextField.swift */; };
		9AB307D724F282DA008B0135 /* LysnHeightProportionateUITextView.swift in Sources */ = {isa = PBXBuildFile; fileRef = 9AB307D024F282D9008B0135 /* LysnHeightProportionateUITextView.swift */; };
		B595F06D212D245D00248A71 /* AppDelegate.swift in Sources */ = {isa = PBXBuildFile; fileRef = B595F06C212D245D00248A71 /* AppDelegate.swift */; };
		B595F06F212D245D00248A71 /* ViewController.swift in Sources */ = {isa = PBXBuildFile; fileRef = B595F06E212D245D00248A71 /* ViewController.swift */; };
		B595F072212D245D00248A71 /* Main.storyboard in Resources */ = {isa = PBXBuildFile; fileRef = B595F070212D245D00248A71 /* Main.storyboard */; };
		B595F074212D245D00248A71 /* Assets.xcassets in Resources */ = {isa = PBXBuildFile; fileRef = B595F073212D245D00248A71 /* Assets.xcassets */; };
		B595F077212D245D00248A71 /* LaunchScreen.storyboard in Resources */ = {isa = PBXBuildFile; fileRef = B595F075212D245D00248A71 /* LaunchScreen.storyboard */; };
/* End PBXBuildFile section */

/* Begin PBXFileReference section */
		9A0D2B5624C4A768002A22DB /* FirstViewController.swift */ = {isa = PBXFileReference; lastKnownFileType = sourcecode.swift; path = FirstViewController.swift; sourceTree = "<group>"; };
		9A0D2B5824C4A791002A22DB /* SecondViewController.swift */ = {isa = PBXFileReference; lastKnownFileType = sourcecode.swift; path = SecondViewController.swift; sourceTree = "<group>"; };
		9A0D2B5A24C4A86A002A22DB /* ThirdViewController.swift */ = {isa = PBXFileReference; lastKnownFileType = sourcecode.swift; path = ThirdViewController.swift; sourceTree = "<group>"; };
		9AB307BD24F26891008B0135 /* Feature1.swift */ = {isa = PBXFileReference; lastKnownFileType = sourcecode.swift; path = Feature1.swift; sourceTree = "<group>"; };
		9AB307BF24F26CBF008B0135 /* Subfeature1.swift */ = {isa = PBXFileReference; lastKnownFileType = sourcecode.swift; path = Subfeature1.swift; sourceTree = "<group>"; };
		9AB307C124F272FC008B0135 /* feature2.swift */ = {isa = PBXFileReference; lastKnownFileType = sourcecode.swift; path = feature2.swift; sourceTree = "<group>"; };
		9AB307C324F27E54008B0135 /* Empty.xib */ = {isa = PBXFileReference; lastKnownFileType = file.xib; path = Empty.xib; sourceTree = "<group>"; };
		9AB307C724F282D9008B0135 /* LysnHeightProportionateUIButton.swift */ = {isa = PBXFileReference; fileEncoding = 4; lastKnownFileType = sourcecode.swift; path = LysnHeightProportionateUIButton.swift; sourceTree = "<group>"; };
		9AB307C824F282D9008B0135 /* LysnWidthProportionateUIButton.swift */ = {isa = PBXFileReference; fileEncoding = 4; lastKnownFileType = sourcecode.swift; path = LysnWidthProportionateUIButton.swift; sourceTree = "<group>"; };
		9AB307CA24F282D9008B0135 /* LysnHeightAdaptiveUILabel.swift */ = {isa = PBXFileReference; fileEncoding = 4; lastKnownFileType = sourcecode.swift; path = LysnHeightAdaptiveUILabel.swift; sourceTree = "<group>"; };
		9AB307CB24F282D9008B0135 /* LysnHeightProportionateUILabel.swift */ = {isa = PBXFileReference; fileEncoding = 4; lastKnownFileType = sourcecode.swift; path = LysnHeightProportionateUILabel.swift; sourceTree = "<group>"; };
		9AB307CC24F282D9008B0135 /* LysnWidthProportionateUILabel.swift */ = {isa = PBXFileReference; fileEncoding = 4; lastKnownFileType = sourcecode.swift; path = LysnWidthProportionateUILabel.swift; sourceTree = "<group>"; };
		9AB307CE24F282D9008B0135 /* LysnHeightProportionateUITextField.swift */ = {isa = PBXFileReference; fileEncoding = 4; lastKnownFileType = sourcecode.swift; path = LysnHeightProportionateUITextField.swift; sourceTree = "<group>"; };
		9AB307D024F282D9008B0135 /* LysnHeightProportionateUITextView.swift */ = {isa = PBXFileReference; fileEncoding = 4; lastKnownFileType = sourcecode.swift; path = LysnHeightProportionateUITextView.swift; sourceTree = "<group>"; };
		B595F069212D245D00248A71 /* GITTest.app */ = {isa = PBXFileReference; explicitFileType = wrapper.application; includeInIndex = 0; path = GITTest.app; sourceTree = BUILT_PRODUCTS_DIR; };
		B595F06C212D245D00248A71 /* AppDelegate.swift */ = {isa = PBXFileReference; lastKnownFileType = sourcecode.swift; path = AppDelegate.swift; sourceTree = "<group>"; };
		B595F06E212D245D00248A71 /* ViewController.swift */ = {isa = PBXFileReference; lastKnownFileType = sourcecode.swift; path = ViewController.swift; sourceTree = "<group>"; };
		B595F071212D245D00248A71 /* Base */ = {isa = PBXFileReference; lastKnownFileType = file.storyboard; name = Base; path = Base.lproj/Main.storyboard; sourceTree = "<group>"; };
		B595F073212D245D00248A71 /* Assets.xcassets */ = {isa = PBXFileReference; lastKnownFileType = folder.assetcatalog; path = Assets.xcassets; sourceTree = "<group>"; };
		B595F076212D245D00248A71 /* Base */ = {isa = PBXFileReference; lastKnownFileType = file.storyboard; name = Base; path = Base.lproj/LaunchScreen.storyboard; sourceTree = "<group>"; };
		B595F078212D245D00248A71 /* Info.plist */ = {isa = PBXFileReference; lastKnownFileType = text.plist.xml; path = Info.plist; sourceTree = "<group>"; };
/* End PBXFileReference section */

/* Begin PBXFrameworksBuildPhase section */
		B595F066212D245D00248A71 /* Frameworks */ = {
			isa = PBXFrameworksBuildPhase;
			buildActionMask = 2147483647;
			files = (
			);
			runOnlyForDeploymentPostprocessing = 0;
		};
/* End PBXFrameworksBuildPhase section */

/* Begin PBXGroup section */
		9AB307C524F282D9008B0135 /* IBDesignable */ = {
			isa = PBXGroup;
			children = (
				9AB307C624F282D9008B0135 /* UIButton */,
				9AB307C924F282D9008B0135 /* UILabel */,
				9AB307CD24F282D9008B0135 /* UITextField */,
				9AB307CF24F282D9008B0135 /* UITextView */,
			);
			path = IBDesignable;
			sourceTree = "<group>";
		};
		9AB307C624F282D9008B0135 /* UIButton */ = {
			isa = PBXGroup;
			children = (
				9AB307C724F282D9008B0135 /* LysnHeightProportionateUIButton.swift */,
				9AB307C824F282D9008B0135 /* LysnWidthProportionateUIButton.swift */,
			);
			path = UIButton;
			sourceTree = "<group>";
		};
		9AB307C924F282D9008B0135 /* UILabel */ = {
			isa = PBXGroup;
			children = (
				9AB307CA24F282D9008B0135 /* LysnHeightAdaptiveUILabel.swift */,
				9AB307CB24F282D9008B0135 /* LysnHeightProportionateUILabel.swift */,
				9AB307CC24F282D9008B0135 /* LysnWidthProportionateUILabel.swift */,
			);
			path = UILabel;
			sourceTree = "<group>";
		};
		9AB307CD24F282D9008B0135 /* UITextField */ = {
			isa = PBXGroup;
			children = (
				9AB307CE24F282D9008B0135 /* LysnHeightProportionateUITextField.swift */,
			);
			path = UITextField;
			sourceTree = "<group>";
		};
		9AB307CF24F282D9008B0135 /* UITextView */ = {
			isa = PBXGroup;
			children = (
				9AB307D024F282D9008B0135 /* LysnHeightProportionateUITextView.swift */,
			);
			path = UITextView;
			sourceTree = "<group>";
		};
		B595F060212D245D00248A71 = {
			isa = PBXGroup;
			children = (
				B595F06B212D245D00248A71 /* GITTest */,
				B595F06A212D245D00248A71 /* Products */,
			);
			sourceTree = "<group>";
		};
		B595F06A212D245D00248A71 /* Products */ = {
			isa = PBXGroup;
			children = (
				B595F069212D245D00248A71 /* GITTest.app */,
			);
			name = Products;
			sourceTree = "<group>";
		};
		B595F06B212D245D00248A71 /* GITTest */ = {
			isa = PBXGroup;
			children = (
				9AB307C524F282D9008B0135 /* IBDesignable */,
				B595F06C212D245D00248A71 /* AppDelegate.swift */,
				B595F06E212D245D00248A71 /* ViewController.swift */,
				9A0D2B5624C4A768002A22DB /* FirstViewController.swift */,
				9AB307BD24F26891008B0135 /* Feature1.swift */,
				9AB307C124F272FC008B0135 /* feature2.swift */,
				9AB307BF24F26CBF008B0135 /* Subfeature1.swift */,
				9A0D2B5824C4A791002A22DB /* SecondViewController.swift */,
				9A0D2B5A24C4A86A002A22DB /* ThirdViewController.swift */,
				B595F070212D245D00248A71 /* Main.storyboard */,
				B595F073212D245D00248A71 /* Assets.xcassets */,
				B595F075212D245D00248A71 /* LaunchScreen.storyboard */,
				9AB307C324F27E54008B0135 /* Empty.xib */,
				B595F078212D245D00248A71 /* Info.plist */,
			);
			path = GITTest;
			sourceTree = "<group>";
		};
/* End PBXGroup section */

/* Begin PBXNativeTarget section */
		B595F068212D245D00248A71 /* GITTest */ = {
			isa = PBXNativeTarget;
			buildConfigurationList = B595F07B212D245D00248A71 /* Build configuration list for PBXNativeTarget "GITTest" */;
			buildPhases = (
				B595F065212D245D00248A71 /* Sources */,
				B595F066212D245D00248A71 /* Frameworks */,
				B595F067212D245D00248A71 /* Resources */,
			);
			buildRules = (
			);
			dependencies = (
			);
			name = GITTest;
			productName = GITTest;
			productReference = B595F069212D245D00248A71 /* GITTest.app */;
			productType = "com.apple.product-type.application";
		};
/* End PBXNativeTarget section */

/* Begin PBXProject section */
		B595F061212D245D00248A71 /* Project object */ = {
			isa = PBXProject;
			attributes = {
				LastSwiftUpdateCheck = 0920;
				LastUpgradeCheck = 0920;
				ORGANIZATIONNAME = "Ghanshyam Maliwal";
				TargetAttributes = {
					B595F068212D245D00248A71 = {
						CreatedOnToolsVersion = 9.2;
						ProvisioningStyle = Automatic;
					};
				};
			};
			buildConfigurationList = B595F064212D245D00248A71 /* Build configuration list for PBXProject "GITTest" */;
			compatibilityVersion = "Xcode 8.0";
			developmentRegion = en;
			hasScannedForEncodings = 0;
			knownRegions = (
				en,
				Base,
			);
			mainGroup = B595F060212D245D00248A71;
			productRefGroup = B595F06A212D245D00248A71 /* Products */;
			projectDirPath = "";
			projectRoot = "";
			targets = (
				B595F068212D245D00248A71 /* GITTest */,
			);
		};
/* End PBXProject section */

/* Begin PBXResourcesBuildPhase section */
		B595F067212D245D00248A71 /* Resources */ = {
			isa = PBXResourcesBuildPhase;
			buildActionMask = 2147483647;
			files = (
				B595F077212D245D00248A71 /* LaunchScreen.storyboard in Resources */,
				9AB307C424F27E54008B0135 /* Empty.xib in Resources */,
				B595F074212D245D00248A71 /* Assets.xcassets in Resources */,
				B595F072212D245D00248A71 /* Main.storyboard in Resources */,
			);
			runOnlyForDeploymentPostprocessing = 0;
		};
/* End PBXResourcesBuildPhase section */

/* Begin PBXSourcesBuildPhase section */
		B595F065212D245D00248A71 /* Sources */ = {
			isa = PBXSourcesBuildPhase;
			buildActionMask = 2147483647;
			files = (
				9AB307BE24F26891008B0135 /* Feature1.swift in Sources */,
				9AB307D524F282DA008B0135 /* LysnWidthProportionateUILabel.swift in Sources */,
				9A0D2B5924C4A791002A22DB /* SecondViewController.swift in Sources */,
				9A0D2B5724C4A768002A22DB /* FirstViewController.swift in Sources */,
				9A0D2B5B24C4A86A002A22DB /* ThirdViewController.swift in Sources */,
				B595F06F212D245D00248A71 /* ViewController.swift in Sources */,
				B595F06D212D245D00248A71 /* AppDelegate.swift in Sources */,
				9AB307D324F282DA008B0135 /* LysnHeightAdaptiveUILabel.swift in Sources */,
				9AB307C024F26CBF008B0135 /* Subfeature1.swift in Sources */,
				9AB307D724F282DA008B0135 /* LysnHeightProportionateUITextView.swift in Sources */,
				9AB307D224F282DA008B0135 /* LysnWidthProportionateUIButton.swift in Sources */,
				9AB307C224F272FC008B0135 /* feature2.swift in Sources */,
				9AB307D424F282DA008B0135 /* LysnHeightProportionateUILabel.swift in Sources */,
				9AB307D124F282DA008B0135 /* LysnHeightProportionateUIButton.swift in Sources */,
				9AB307D624F282DA008B0135 /* LysnHeightProportionateUITextField.swift in Sources */,
			);
			runOnlyForDeploymentPostprocessing = 0;
		};
/* End PBXSourcesBuildPhase section */

/* Begin PBXVariantGroup section */
		B595F070212D245D00248A71 /* Main.storyboard */ = {
			isa = PBXVariantGroup;
			children = (
				B595F071212D245D00248A71 /* Base */,
			);
			name = Main.storyboard;
			sourceTree = "<group>";
		};
		B595F075212D245D00248A71 /* LaunchScreen.storyboard */ = {
			isa = PBXVariantGroup;
			children = (
				B595F076212D245D00248A71 /* Base */,
			);
			name = LaunchScreen.storyboard;
			sourceTree = "<group>";
		};
/* End PBXVariantGroup section */

/* Begin XCBuildConfiguration section */
		B595F079212D245D00248A71 /* Debug */ = {
			isa = XCBuildConfiguration;
			buildSettings = {
				ALWAYS_SEARCH_USER_PATHS = NO;
				CLANG_ANALYZER_NONNULL = YES;
				CLANG_ANALYZER_NUMBER_OBJECT_CONVERSION = YES_AGGRESSIVE;
				CLANG_CXX_LANGUAGE_STANDARD = "gnu++14";
				CLANG_CXX_LIBRARY = "libc++";
				CLANG_ENABLE_MODULES = YES;
				CLANG_ENABLE_OBJC_ARC = YES;
				CLANG_WARN_BLOCK_CAPTURE_AUTORELEASING = YES;
				CLANG_WARN_BOOL_CONVERSION = YES;
				CLANG_WARN_COMMA = YES;
				CLANG_WARN_CONSTANT_CONVERSION = YES;
				CLANG_WARN_DIRECT_OBJC_ISA_USAGE = YES_ERROR;
				CLANG_WARN_DOCUMENTATION_COMMENTS = YES;
				CLANG_WARN_EMPTY_BODY = YES;
				CLANG_WARN_ENUM_CONVERSION = YES;
				CLANG_WARN_INFINITE_RECURSION = YES;
				CLANG_WARN_INT_CONVERSION = YES;
				CLANG_WARN_NON_LITERAL_NULL_CONVERSION = YES;
				CLANG_WARN_OBJC_LITERAL_CONVERSION = YES;
				CLANG_WARN_OBJC_ROOT_CLASS = YES_ERROR;
				CLANG_WARN_RANGE_LOOP_ANALYSIS = YES;
				CLANG_WARN_STRICT_PROTOTYPES = YES;
				CLANG_WARN_SUSPICIOUS_MOVE = YES;
				CLANG_WARN_UNGUARDED_AVAILABILITY = YES_AGGRESSIVE;
				CLANG_WARN_UNREACHABLE_CODE = YES;
				CLANG_WARN__DUPLICATE_METHOD_MATCH = YES;
				CODE_SIGN_IDENTITY = "iPhone Developer";
				COPY_PHASE_STRIP = NO;
				DEBUG_INFORMATION_FORMAT = dwarf;
				ENABLE_STRICT_OBJC_MSGSEND = YES;
				ENABLE_TESTABILITY = YES;
				GCC_C_LANGUAGE_STANDARD = gnu11;
				GCC_DYNAMIC_NO_PIC = NO;
				GCC_NO_COMMON_BLOCKS = YES;
				GCC_OPTIMIZATION_LEVEL = 0;
				GCC_PREPROCESSOR_DEFINITIONS = (
					"DEBUG=1",
					"$(inherited)",
				);
				GCC_WARN_64_TO_32_BIT_CONVERSION = YES;
				GCC_WARN_ABOUT_RETURN_TYPE = YES_ERROR;
				GCC_WARN_UNDECLARED_SELECTOR = YES;
				GCC_WARN_UNINITIALIZED_AUTOS = YES_AGGRESSIVE;
				GCC_WARN_UNUSED_FUNCTION = YES;
				GCC_WARN_UNUSED_VARIABLE = YES;
				IPHONEOS_DEPLOYMENT_TARGET = 11.2;
				MTL_ENABLE_DEBUG_INFO = YES;
				ONLY_ACTIVE_ARCH = YES;
				SDKROOT = iphoneos;
				SWIFT_ACTIVE_COMPILATION_CONDITIONS = DEBUG;
				SWIFT_OPTIMIZATION_LEVEL = "-Onone";
			};
			name = Debug;
		};
		B595F07A212D245D00248A71 /* Release */ = {
			isa = XCBuildConfiguration;
			buildSettings = {
				ALWAYS_SEARCH_USER_PATHS = NO;
				CLANG_ANALYZER_NONNULL = YES;
				CLANG_ANALYZER_NUMBER_OBJECT_CONVERSION = YES_AGGRESSIVE;
				CLANG_CXX_LANGUAGE_STANDARD = "gnu++14";
				CLANG_CXX_LIBRARY = "libc++";
				CLANG_ENABLE_MODULES = YES;
				CLANG_ENABLE_OBJC_ARC = YES;
				CLANG_WARN_BLOCK_CAPTURE_AUTORELEASING = YES;
				CLANG_WARN_BOOL_CONVERSION = YES;
				CLANG_WARN_COMMA = YES;
				CLANG_WARN_CONSTANT_CONVERSION = YES;
				CLANG_WARN_DIRECT_OBJC_ISA_USAGE = YES_ERROR;
				CLANG_WARN_DOCUMENTATION_COMMENTS = YES;
				CLANG_WARN_EMPTY_BODY = YES;
				CLANG_WARN_ENUM_CONVERSION = YES;
				CLANG_WARN_INFINITE_RECURSION = YES;
				CLANG_WARN_INT_CONVERSION = YES;
				CLANG_WARN_NON_LITERAL_NULL_CONVERSION = YES;
				CLANG_WARN_OBJC_LITERAL_CONVERSION = YES;
				CLANG_WARN_OBJC_ROOT_CLASS = YES_ERROR;
				CLANG_WARN_RANGE_LOOP_ANALYSIS = YES;
				CLANG_WARN_STRICT_PROTOTYPES = YES;
				CLANG_WARN_SUSPICIOUS_MOVE = YES;
				CLANG_WARN_UNGUARDED_AVAILABILITY = YES_AGGRESSIVE;
				CLANG_WARN_UNREACHABLE_CODE = YES;
				CLANG_WARN__DUPLICATE_METHOD_MATCH = YES;
				CODE_SIGN_IDENTITY = "iPhone Developer";
				COPY_PHASE_STRIP = NO;
				DEBUG_INFORMATION_FORMAT = "dwarf-with-dsym";
				ENABLE_NS_ASSERTIONS = NO;
				ENABLE_STRICT_OBJC_MSGSEND = YES;
				GCC_C_LANGUAGE_STANDARD = gnu11;
				GCC_NO_COMMON_BLOCKS = YES;
				GCC_WARN_64_TO_32_BIT_CONVERSION = YES;
				GCC_WARN_ABOUT_RETURN_TYPE = YES_ERROR;
				GCC_WARN_UNDECLARED_SELECTOR = YES;
				GCC_WARN_UNINITIALIZED_AUTOS = YES_AGGRESSIVE;
				GCC_WARN_UNUSED_FUNCTION = YES;
				GCC_WARN_UNUSED_VARIABLE = YES;
				IPHONEOS_DEPLOYMENT_TARGET = 11.2;
				MTL_ENABLE_DEBUG_INFO = NO;
				SDKROOT = iphoneos;
				SWIFT_OPTIMIZATION_LEVEL = "-Owholemodule";
				VALIDATE_PRODUCT = YES;
			};
			name = Release;
		};
		B595F07C212D245D00248A71 /* Debug */ = {
			isa = XCBuildConfiguration;
			buildSettings = {
				ASSETCATALOG_COMPILER_APPICON_NAME = AppIcon;
				CODE_SIGN_STYLE = Automatic;
				INFOPLIST_FILE = GITTest/Info.plist;
				LD_RUNPATH_SEARCH_PATHS = "$(inherited) @executable_path/Frameworks";
				PRODUCT_BUNDLE_IDENTIFIER = GOF.GITTest;
				PRODUCT_NAME = "$(TARGET_NAME)";
				SWIFT_VERSION = 4.0;
				TARGETED_DEVICE_FAMILY = "1,2";
			};
			name = Debug;
		};
		B595F07D212D245D00248A71 /* Release */ = {
			isa = XCBuildConfiguration;
			buildSettings = {
				ASSETCATALOG_COMPILER_APPICON_NAME = AppIcon;
				CODE_SIGN_STYLE = Automatic;
				INFOPLIST_FILE = GITTest/Info.plist;
				LD_RUNPATH_SEARCH_PATHS = "$(inherited) @executable_path/Frameworks";
				PRODUCT_BUNDLE_IDENTIFIER = GOF.GITTest;
				PRODUCT_NAME = "$(TARGET_NAME)";
				SWIFT_VERSION = 4.0;
				TARGETED_DEVICE_FAMILY = "1,2";
			};
			name = Release;
		};
/* End XCBuildConfiguration section */

/* Begin XCConfigurationList section */
		B595F064212D245D00248A71 /* Build configuration list for PBXProject "GITTest" */ = {
			isa = XCConfigurationList;
			buildConfigurations = (
				B595F079212D245D00248A71 /* Debug */,
				B595F07A212D245D00248A71 /* Release */,
			);
			defaultConfigurationIsVisible = 0;
			defaultConfigurationName = Release;
		};
		B595F07B212D245D00248A71 /* Build configuration list for PBXNativeTarget "GITTest" */ = {
			isa = XCConfigurationList;
			buildConfigurations = (
				B595F07C212D245D00248A71 /* Debug */,
				B595F07D212D245D00248A71 /* Release */,
			);
			defaultConfigurationIsVisible = 0;
			defaultConfigurationName = Release;
		};
/* End XCConfigurationList section */
	};
	rootObject = B595F061212D245D00248A71 /* Project object */;
}
